<?xml version="1.0" encoding="utf-8"?>
<Project ToolsVersion="12.0" xmlns="http://schemas.microsoft.com/developer/msbuild/2003">
  <ItemGroup>
    <Filter Include="Resource Files">
      <UniqueIdentifier>{67DA6AB6-F800-4c08-8B7A-83BB121AAD01}</UniqueIdentifier>
      <Extensions>rc;ico;cur;bmp;dlg;rc2;rct;bin;rgs;gif;jpg;jpeg;jpe;resx;tga;tiff;tif;png;wav;mfcribbon-ms</Extensions>
    </Filter>
    <Filter Include="VideoEngineController">
      <UniqueIdentifier>{18a8664b-4729-4ed2-a3cf-794c4e4ff370}</UniqueIdentifier>
    </Filter>
    <Filter Include="VideoEngineUtilities">
      <UniqueIdentifier>{74f9e460-1ade-4227-8a58-ceb8b7ef7255}</UniqueIdentifier>
    </Filter>
  </ItemGroup>
  <ItemGroup>
    <ClInclude Include="targetver.h" />
    <ClInclude Include="..\..\VideoEngineController\AudioCallSession.h">
      <Filter>VideoEngineController</Filter>
    </ClInclude>
    <ClInclude Include="..\..\VideoEngineController\AudioCallSessionListHandler.h">
      <Filter>VideoEngineController</Filter>
    </ClInclude>
    <ClInclude Include="..\..\VideoEngineController\AudioDecoderBuffer.h">
      <Filter>VideoEngineController</Filter>
    </ClInclude>
    <ClInclude Include="..\..\VideoEngineController\AudioEncoderBuffer.h">
      <Filter>VideoEngineController</Filter>
    </ClInclude>
    <ClInclude Include="..\..\VideoEngineController\AudioVideoEngineDefinitions.h">
      <Filter>VideoEngineController</Filter>
    </ClInclude>
    <ClInclude Include="..\..\VideoEngineController\codec_api.h">
      <Filter>VideoEngineController</Filter>
    </ClInclude>
    <ClInclude Include="..\..\VideoEngineController\codec_app_def.h">
      <Filter>VideoEngineController</Filter>
    </ClInclude>
    <ClInclude Include="..\..\VideoEngineController\codec_def.h">
      <Filter>VideoEngineController</Filter>
    </ClInclude>
    <ClInclude Include="..\..\VideoEngineController\codec_ver.h">
      <Filter>VideoEngineController</Filter>
    </ClInclude>
    <ClInclude Include="..\..\VideoEngineController\CommonElementsBucket.h">
      <Filter>VideoEngineController</Filter>
    </ClInclude>
    <ClInclude Include="..\..\VideoEngineController\Controller.h">
      <Filter>VideoEngineController</Filter>
    </ClInclude>
    <ClInclude Include="..\..\VideoEngineController\DecodingBuffer.h">
      <Filter>VideoEngineController</Filter>
    </ClInclude>
    <ClInclude Include="..\..\VideoEngineController\EncodedFrameDepacketizer.h">
      <Filter>VideoEngineController</Filter>
    </ClInclude>
    <ClInclude Include="..\..\VideoEngineController\EncodedFramePacketizer.h">
      <Filter>VideoEngineController</Filter>
    </ClInclude>
    <ClInclude Include="..\..\VideoEngineController\EncodingBuffer.h">
      <Filter>VideoEngineController</Filter>
    </ClInclude>
    <ClInclude Include="..\..\VideoEngineController\EventNotifier.h">
      <Filter>VideoEngineController</Filter>
    </ClInclude>
    <ClInclude Include="..\..\VideoEngineController\FPSController.h">
      <Filter>VideoEngineController</Filter>
    </ClInclude>
    <ClInclude Include="..\..\VideoEngineController\G729CodecNative.h">
      <Filter>VideoEngineController</Filter>
    </ClInclude>
    <ClInclude Include="..\..\VideoEngineController\Globals.h">
      <Filter>VideoEngineController</Filter>
    </ClInclude>
    <ClInclude Include="..\..\VideoEngineController\InterfaceOfAudioVideoEngine.h">
      <Filter>VideoEngineController</Filter>
    </ClInclude>
    <ClInclude Include="..\..\VideoEngineController\LogPrinter.h">
      <Filter>VideoEngineController</Filter>
    </ClInclude>
    <ClInclude Include="..\..\VideoEngineController\macros.h">
      <Filter>VideoEngineController</Filter>
    </ClInclude>
    <ClInclude Include="..\..\VideoEngineController\PairMap.h">
      <Filter>VideoEngineController</Filter>
    </ClInclude>
    <ClInclude Include="..\..\VideoEngineController\RenderingBuffer.h">
      <Filter>VideoEngineController</Filter>
    </ClInclude>
    <ClInclude Include="..\..\VideoEngineController\ResendingBuffer.h">
      <Filter>VideoEngineController</Filter>
    </ClInclude>
    <ClInclude Include="..\..\VideoEngineController\RetransmitVideoPacketQueue.h">
      <Filter>VideoEngineController</Filter>
    </ClInclude>
    <ClInclude Include="..\..\VideoEngineController\SendingBuffer.h">
      <Filter>VideoEngineController</Filter>
    </ClInclude>
    <ClInclude Include="..\..\VideoEngineController\Size.h">
      <Filter>VideoEngineController</Filter>
    </ClInclude>
    <ClInclude Include="..\..\VideoEngineController\ThreadTools.h">
      <Filter>VideoEngineController</Filter>
    </ClInclude>
    <ClInclude Include="..\..\VideoEngineController\Tools.h">
      <Filter>VideoEngineController</Filter>
    </ClInclude>
    <ClInclude Include="..\..\VideoEngineController\typedef.h">
      <Filter>VideoEngineController</Filter>
    </ClInclude>
    <ClInclude Include="..\..\VideoEngineController\typedefs.h">
      <Filter>VideoEngineController</Filter>
    </ClInclude>
    <ClInclude Include="..\..\VideoEngineController\VideoCallSession.h">
      <Filter>VideoEngineController</Filter>
    </ClInclude>
    <ClInclude Include="..\..\VideoEngineController\VideoCallSessionListHandler.h">
      <Filter>VideoEngineController</Filter>
    </ClInclude>
    <ClInclude Include="..\..\VideoEngineController\VideoDecoder.h">
      <Filter>VideoEngineController</Filter>
    </ClInclude>
    <ClInclude Include="..\..\VideoEngineController\VideoEncoder.h">
      <Filter>VideoEngineController</Filter>
    </ClInclude>
    <ClInclude Include="..\..\VideoEngineController\VideoEncoderListHandler.h">
      <Filter>VideoEngineController</Filter>
    </ClInclude>
    <ClInclude Include="..\..\VideoEngineController\VideoPacketBuffer.h">
      <Filter>VideoEngineController</Filter>
    </ClInclude>
    <ClInclude Include="..\..\VideoEngineController\VideoPacketQueue.h">
      <Filter>VideoEngineController</Filter>
    </ClInclude>
    <ClInclude Include="..\..\VideoEngineUtilities\ColorConverter.h">
      <Filter>VideoEngineUtilities</Filter>
    </ClInclude>
    <ClInclude Include="..\..\VideoEngineUtilities\DefinedDataTypes.h">
      <Filter>VideoEngineUtilities</Filter>
    </ClInclude>
    <ClInclude Include="..\..\VideoEngineUtilities\LockHandler.h">
      <Filter>VideoEngineUtilities</Filter>
    </ClInclude>
    <ClInclude Include="..\..\VideoEngineUtilities\SmartPointer.h">
      <Filter>VideoEngineUtilities</Filter>
    </ClInclude>
    <ClInclude Include="..\..\VideoEngineController\BandwidthController.h">
      <Filter>VideoEngineController</Filter>
    </ClInclude>
    <ClInclude Include="..\..\VideoEngineController\PacketHeader.h">
      <Filter>VideoEngineController</Filter>
    </ClInclude>
    <ClInclude Include="..\..\VideoEngineController\BitRateController.h">
      <Filter>VideoEngineController</Filter>
    </ClInclude>
    <ClInclude Include="..\..\VideoEngineController\SynchronizedMap.h">
      <Filter>VideoEngineController</Filter>
    </ClInclude>
    <ClInclude Include="..\..\VideoEngineController\DepacketizationThread.h">
      <Filter>VideoEngineController</Filter>
    </ClInclude>
    <ClInclude Include="..\..\VideoEngineController\RenderingThread.h">
      <Filter>VideoEngineController</Filter>
    </ClInclude>
    <ClInclude Include="..\..\VideoEngineController\SendingThread.h">
      <Filter>VideoEngineController</Filter>
    </ClInclude>
    <ClInclude Include="..\..\VideoEngineController\VideoDecodingThread.h">
      <Filter>VideoEngineController</Filter>
    </ClInclude>
    <ClInclude Include="..\..\VideoEngineController\VideoEncodingThread.h">
      <Filter>VideoEngineController</Filter>
    </ClInclude>
    <ClInclude Include="..\..\VideoEngineController\VersionController.h">
      <Filter>VideoEngineController</Filter>
    </ClInclude>
    <ClInclude Include="..\..\VideoEngineController\AverageCalculator.h">
      <Filter>VideoEngineController</Filter>
    </ClInclude>
    <ClInclude Include="..\..\VideoEngineController\DeviceCapabilityCheckBuffer.h">
      <Filter>VideoEngineController</Filter>
    </ClInclude>
    <ClInclude Include="..\..\VideoEngineController\DeviceCapabilityCheckThread.h">
      <Filter>VideoEngineController</Filter>
    </ClInclude>
    <ClInclude Include="..\..\VideoEngineController\AudioCodec.h">
      <Filter>VideoEngineController</Filter>
    </ClInclude>
    <ClInclude Include="..\..\VideoEngineController\AudioPacketHeader.h">
      <Filter>VideoEngineController</Filter>
    </ClInclude>
    <ClInclude Include="..\..\VideoEngineController\AudioFileCodec.h">
      <Filter>VideoEngineController</Filter>
    </ClInclude>
    <ClInclude Include="..\..\VideoEngineController\AudioFileEncodeDecodeSession.h">
      <Filter>VideoEngineController</Filter>
    </ClInclude>
  </ItemGroup>
  <ItemGroup>
    <ClCompile Include="..\..\VideoEngineController\AudioCallSession.cpp">
      <Filter>VideoEngineController</Filter>
    </ClCompile>
    <ClCompile Include="..\..\VideoEngineController\AudioCallSessionListHandler.cpp">
      <Filter>VideoEngineController</Filter>
    </ClCompile>
    <ClCompile Include="..\..\VideoEngineController\AudioDecoderBuffer.cpp">
      <Filter>VideoEngineController</Filter>
    </ClCompile>
    <ClCompile Include="..\..\VideoEngineController\AudioEncoderBuffer.cpp">
      <Filter>VideoEngineController</Filter>
    </ClCompile>
    <ClCompile Include="..\..\VideoEngineController\CommonElementsBucket.cpp">
      <Filter>VideoEngineController</Filter>
    </ClCompile>
    <ClCompile Include="..\..\VideoEngineController\Controller.cpp">
      <Filter>VideoEngineController</Filter>
    </ClCompile>
    <ClCompile Include="..\..\VideoEngineController\DecodingBuffer.cpp">
      <Filter>VideoEngineController</Filter>
    </ClCompile>
    <ClCompile Include="..\..\VideoEngineController\EncodedFrameDepacketizer.cpp">
      <Filter>VideoEngineController</Filter>
    </ClCompile>
    <ClCompile Include="..\..\VideoEngineController\EncodedFramePacketizer.cpp">
      <Filter>VideoEngineController</Filter>
    </ClCompile>
    <ClCompile Include="..\..\VideoEngineController\EncodingBuffer.cpp">
      <Filter>VideoEngineController</Filter>
    </ClCompile>
    <ClCompile Include="..\..\VideoEngineController\EventNotifier.cpp">
      <Filter>VideoEngineController</Filter>
    </ClCompile>
    <ClCompile Include="..\..\VideoEngineController\FPSController.cpp">
      <Filter>VideoEngineController</Filter>
    </ClCompile>
    <ClCompile Include="..\..\VideoEngineController\Globals.cpp">
      <Filter>VideoEngineController</Filter>
    </ClCompile>
    <ClCompile Include="..\..\VideoEngineController\InterfaceOfAudioVideoEngine.cpp">
      <Filter>VideoEngineController</Filter>
    </ClCompile>
    <ClCompile Include="..\..\VideoEngineController\LogPrinter.cpp">
      <Filter>VideoEngineController</Filter>
    </ClCompile>
    <ClCompile Include="..\..\VideoEngineController\PairMap.cpp">
      <Filter>VideoEngineController</Filter>
    </ClCompile>
    <ClCompile Include="..\..\VideoEngineController\RenderingBuffer.cpp">
      <Filter>VideoEngineController</Filter>
    </ClCompile>
    <ClCompile Include="..\..\VideoEngineController\ResendingBuffer.cpp">
      <Filter>VideoEngineController</Filter>
    </ClCompile>
    <ClCompile Include="..\..\VideoEngineController\RetransmitVideoPacketQueue.cpp">
      <Filter>VideoEngineController</Filter>
    </ClCompile>
    <ClCompile Include="..\..\VideoEngineController\SendingBuffer.cpp">
      <Filter>VideoEngineController</Filter>
    </ClCompile>
    <ClCompile Include="..\..\VideoEngineController\Tools.cpp">
      <Filter>VideoEngineController</Filter>
    </ClCompile>
    <ClCompile Include="..\..\VideoEngineController\VideoCallSession.cpp">
      <Filter>VideoEngineController</Filter>
    </ClCompile>
    <ClCompile Include="..\..\VideoEngineController\VideoCallSessionListHandler.cpp">
      <Filter>VideoEngineController</Filter>
    </ClCompile>
    <ClCompile Include="..\..\VideoEngineController\VideoDecoder.cpp">
      <Filter>VideoEngineController</Filter>
    </ClCompile>
    <ClCompile Include="..\..\VideoEngineController\VideoEncoder.cpp">
      <Filter>VideoEngineController</Filter>
    </ClCompile>
    <ClCompile Include="..\..\VideoEngineController\VideoEncoderListHandler.cpp">
      <Filter>VideoEngineController</Filter>
    </ClCompile>
    <ClCompile Include="..\..\VideoEngineController\VideoPacketBuffer.cpp">
      <Filter>VideoEngineController</Filter>
    </ClCompile>
    <ClCompile Include="..\..\VideoEngineController\VideoPacketQueue.cpp">
      <Filter>VideoEngineController</Filter>
    </ClCompile>
    <ClCompile Include="..\..\VideoEngineUtilities\ColorConverter.cpp">
      <Filter>VideoEngineUtilities</Filter>
    </ClCompile>
    <ClCompile Include="..\..\VideoEngineUtilities\LockHandler.cpp">
      <Filter>VideoEngineUtilities</Filter>
    </ClCompile>
    <ClCompile Include="..\..\VideoEngineController\BandwidthController.cpp">
      <Filter>VideoEngineController</Filter>
    </ClCompile>
    <ClCompile Include="..\..\VideoEngineController\PacketHeader.cpp">
      <Filter>VideoEngineController</Filter>
    </ClCompile>
    <ClCompile Include="..\..\VideoEngineController\BitRateController.cpp">
      <Filter>VideoEngineController</Filter>
    </ClCompile>
    <ClCompile Include="..\..\VideoEngineController\SynchronizedMap.cpp">
      <Filter>VideoEngineController</Filter>
    </ClCompile>
    <ClCompile Include="..\..\VideoEngineController\DepacketizationThread.cpp">
      <Filter>VideoEngineController</Filter>
    </ClCompile>
    <ClCompile Include="..\..\VideoEngineController\RenderingThread.cpp">
      <Filter>VideoEngineController</Filter>
    </ClCompile>
    <ClCompile Include="..\..\VideoEngineController\SendingThread.cpp">
      <Filter>VideoEngineController</Filter>
    </ClCompile>
    <ClCompile Include="..\..\VideoEngineController\VideoDecodingThread.cpp">
      <Filter>VideoEngineController</Filter>
    </ClCompile>
    <ClCompile Include="..\..\VideoEngineController\VideoEncodingThread.cpp">
      <Filter>VideoEngineController</Filter>
    </ClCompile>
    <ClCompile Include="..\..\VideoEngineController\VersionController.cpp">
      <Filter>VideoEngineController</Filter>
    </ClCompile>
    <ClCompile Include="..\..\VideoEngineController\AverageCalculator.cpp">
      <Filter>VideoEngineController</Filter>
    </ClCompile>
    <ClCompile Include="..\..\VideoEngineController\DeviceCapabilityCheckBuffer.cpp">
      <Filter>VideoEngineController</Filter>
    </ClCompile>
    <ClCompile Include="..\..\VideoEngineController\DeviceCapabilityCheckThread.cpp">
      <Filter>VideoEngineController</Filter>
    </ClCompile>
    <ClCompile Include="..\..\VideoEngineController\AudioCodec.cpp">
      <Filter>VideoEngineController</Filter>
    </ClCompile>
    <ClCompile Include="..\..\VideoEngineController\AudioPacketHeader.cpp">
      <Filter>VideoEngineController</Filter>
    </ClCompile>
    <ClCompile Include="..\..\VideoEngineController\AudioFileCodec.cpp">
      <Filter>VideoEngineController</Filter>
    </ClCompile>
    <ClCompile Include="..\..\VideoEngineController\AudioFileEncodeDecodeSession.cpp">
      <Filter>VideoEngineController</Filter>
    </ClCompile>
  </ItemGroup>
</Project>