<?xml version="1.0" encoding="utf-8"?>
<Project ToolsVersion="4.0" xmlns="http://schemas.microsoft.com/developer/msbuild/2003">
  <ItemGroup>
    <Filter Include="Source Files">
      <UniqueIdentifier>{4FC737F1-C7A5-4376-A066-2A32D752A2FF}</UniqueIdentifier>
      <Extensions>cpp;c;cc;cxx;def;odl;idl;hpj;bat;asm;asmx</Extensions>
    </Filter>
    <Filter Include="Header Files">
      <UniqueIdentifier>{93995380-89BD-4b04-88EB-625FBE52EBFB}</UniqueIdentifier>
      <Extensions>h;hh;hpp;hxx;hm;inl;inc;xsd</Extensions>
    </Filter>
    <Filter Include="Resource Files">
      <UniqueIdentifier>{67DA6AB6-F800-4c08-8B7A-83BB121AAD01}</UniqueIdentifier>
      <Extensions>rc;ico;cur;bmp;dlg;rc2;rct;bin;rgs;gif;jpg;jpeg;jpe;resx;tiff;tif;png;wav;mfcribbon-ms</Extensions>
    </Filter>
    <Filter Include="Source Files\VideoEngineUtilities">
      <UniqueIdentifier>{b4d1fd81-522d-433b-88be-f3bfc1087fa7}</UniqueIdentifier>
    </Filter>
    <Filter Include="Source Files\VideoEngineController">
      <UniqueIdentifier>{88637142-0fa8-4b6f-8fde-1dfd33b67d7a}</UniqueIdentifier>
    </Filter>
  </ItemGroup>
  <ItemGroup>
    <ClCompile Include="..\..\VideoEngineController\AudioCallSession.cpp">
      <Filter>Source Files\VideoEngineController</Filter>
    </ClCompile>
    <ClCompile Include="..\..\VideoEngineController\AudioCallSessionListHandler.cpp">
      <Filter>Source Files\VideoEngineController</Filter>
    </ClCompile>
    <ClCompile Include="..\..\VideoEngineController\AudioDecoder.cpp">
      <Filter>Source Files\VideoEngineController</Filter>
    </ClCompile>
    <ClCompile Include="..\..\VideoEngineController\AudioDecoderBuffer.cpp">
      <Filter>Source Files\VideoEngineController</Filter>
    </ClCompile>
    <ClCompile Include="..\..\VideoEngineController\AudioEncoder.cpp">
      <Filter>Source Files\VideoEngineController</Filter>
    </ClCompile>
    <ClCompile Include="..\..\VideoEngineController\AudioEncoderBuffer.cpp">
      <Filter>Source Files\VideoEngineController</Filter>
    </ClCompile>
    <ClCompile Include="..\..\VideoEngineController\CommonElementsBucket.cpp">
      <Filter>Source Files\VideoEngineController</Filter>
    </ClCompile>
    <ClCompile Include="..\..\VideoEngineController\Controller.cpp">
      <Filter>Source Files\VideoEngineController</Filter>
    </ClCompile>
    <ClCompile Include="..\..\VideoEngineController\DecodingBuffer.cpp">
      <Filter>Source Files\VideoEngineController</Filter>
    </ClCompile>
    <ClCompile Include="..\..\VideoEngineController\EncodedFrameDepacketizer.cpp">
      <Filter>Source Files\VideoEngineController</Filter>
    </ClCompile>
    <ClCompile Include="..\..\VideoEngineController\EncodedFramePacketizer.cpp">
      <Filter>Source Files\VideoEngineController</Filter>
    </ClCompile>
    <ClCompile Include="..\..\VideoEngineController\EncodingBuffer.cpp">
      <Filter>Source Files\VideoEngineController</Filter>
    </ClCompile>
    <ClCompile Include="..\..\VideoEngineController\EventNotifier.cpp">
      <Filter>Source Files\VideoEngineController</Filter>
    </ClCompile>
    <ClCompile Include="..\..\VideoEngineController\FPSController.cpp">
      <Filter>Source Files\VideoEngineController</Filter>
    </ClCompile>
    <ClCompile Include="..\..\VideoEngineController\Globals.cpp">
      <Filter>Source Files\VideoEngineController</Filter>
    </ClCompile>
    <ClCompile Include="..\..\VideoEngineController\InterfaceOfAudioVideoEngine.cpp">
      <Filter>Source Files\VideoEngineController</Filter>
    </ClCompile>
    <ClCompile Include="..\..\VideoEngineController\LogPrinter.cpp">
      <Filter>Source Files\VideoEngineController</Filter>
    </ClCompile>
    <ClCompile Include="..\..\VideoEngineController\PairMap.cpp">
      <Filter>Source Files\VideoEngineController</Filter>
    </ClCompile>
    <ClCompile Include="..\..\VideoEngineController\ResendingBuffer.cpp">
      <Filter>Source Files\VideoEngineController</Filter>
    </ClCompile>
    <ClCompile Include="..\..\VideoEngineController\RetransmitVideoPacketQueue.cpp">
      <Filter>Source Files\VideoEngineController</Filter>
    </ClCompile>
    <ClCompile Include="..\..\VideoEngineController\SendingBuffer.cpp">
      <Filter>Source Files\VideoEngineController</Filter>
    </ClCompile>
    <ClCompile Include="..\..\VideoEngineController\Tools.cpp">
      <Filter>Source Files\VideoEngineController</Filter>
    </ClCompile>
    <ClCompile Include="..\..\VideoEngineController\VideoCallSession.cpp">
      <Filter>Source Files\VideoEngineController</Filter>
    </ClCompile>
    <ClCompile Include="..\..\VideoEngineController\VideoCallSessionListHandler.cpp">
      <Filter>Source Files\VideoEngineController</Filter>
    </ClCompile>
    <ClCompile Include="..\..\VideoEngineController\VideoDecoder.cpp">
      <Filter>Source Files\VideoEngineController</Filter>
    </ClCompile>
    <ClCompile Include="..\..\VideoEngineController\VideoEncoder.cpp">
      <Filter>Source Files\VideoEngineController</Filter>
    </ClCompile>
    <ClCompile Include="..\..\VideoEngineController\VideoEncoderListHandler.cpp">
      <Filter>Source Files\VideoEngineController</Filter>
    </ClCompile>
    <ClCompile Include="..\..\VideoEngineController\VideoPacketBuffer.cpp">
      <Filter>Source Files\VideoEngineController</Filter>
    </ClCompile>
    <ClCompile Include="..\..\VideoEngineController\VideoPacketQueue.cpp">
      <Filter>Source Files\VideoEngineController</Filter>
    </ClCompile>
    <ClCompile Include="..\..\VideoEngineUtilities\ColorConverter.cpp">
      <Filter>Source Files\VideoEngineUtilities</Filter>
    </ClCompile>
    <ClCompile Include="..\..\VideoEngineUtilities\LockHandler.cpp">
      <Filter>Source Files\VideoEngineUtilities</Filter>
    </ClCompile>
    <ClCompile Include="..\..\VideoEngineController\RenderingBuffer.cpp">
      <Filter>Source Files\VideoEngineController</Filter>
    </ClCompile>
    <ClCompile Include="..\..\VideoEngineController\PacketHeader.cpp">
      <Filter>Source Files\VideoEngineController</Filter>
    </ClCompile>
    <ClCompile Include="..\..\VideoEngineController\BandwidthController.cpp">
      <Filter>Source Files\VideoEngineController</Filter>
    </ClCompile>
    <ClCompile Include="..\..\VideoEngineController\BitRateController.cpp">
      <Filter>Source Files\VideoEngineController</Filter>
    </ClCompile>
    <ClCompile Include="..\..\VideoEngineController\SynchronizedMap.cpp">
      <Filter>Source Files\VideoEngineController</Filter>
    </ClCompile>
    <ClCompile Include="..\..\VideoEngineController\VideoEncodingThread.cpp">
      <Filter>Source Files\VideoEngineController</Filter>
    </ClCompile>
    <ClCompile Include="..\..\VideoEngineController\DepacketizationThread.cpp">
      <Filter>Source Files\VideoEngineController</Filter>
    </ClCompile>
    <ClCompile Include="..\..\VideoEngineController\RenderingThread.cpp">
      <Filter>Source Files\VideoEngineController</Filter>
    </ClCompile>
    <ClCompile Include="..\..\VideoEngineController\SendingThread.cpp">
      <Filter>Source Files\VideoEngineController</Filter>
    </ClCompile>
    <ClCompile Include="..\..\VideoEngineController\VideoDecodingThread.cpp">
      <Filter>Source Files\VideoEngineController</Filter>
    </ClCompile>
  </ItemGroup>
  <ItemGroup>
    <ClInclude Include="..\..\VideoEngineController\AudioCallSession.h">
      <Filter>Source Files\VideoEngineController</Filter>
    </ClInclude>
    <ClInclude Include="..\..\VideoEngineController\AudioCallSessionListHandler.h">
      <Filter>Source Files\VideoEngineController</Filter>
    </ClInclude>
    <ClInclude Include="..\..\VideoEngineController\AudioDecoder.h">
      <Filter>Source Files\VideoEngineController</Filter>
    </ClInclude>
    <ClInclude Include="..\..\VideoEngineController\AudioDecoderBuffer.h">
      <Filter>Source Files\VideoEngineController</Filter>
    </ClInclude>
    <ClInclude Include="..\..\VideoEngineController\AudioEncoder.h">
      <Filter>Source Files\VideoEngineController</Filter>
    </ClInclude>
    <ClInclude Include="..\..\VideoEngineController\AudioEncoderBuffer.h">
      <Filter>Source Files\VideoEngineController</Filter>
    </ClInclude>
    <ClInclude Include="..\..\VideoEngineController\AudioVideoEngineDefinitions.h">
      <Filter>Source Files\VideoEngineController</Filter>
    </ClInclude>
    <ClInclude Include="..\..\VideoEngineController\codec_api.h">
      <Filter>Source Files\VideoEngineController</Filter>
    </ClInclude>
    <ClInclude Include="..\..\VideoEngineController\codec_app_def.h">
      <Filter>Source Files\VideoEngineController</Filter>
    </ClInclude>
    <ClInclude Include="..\..\VideoEngineController\codec_def.h">
      <Filter>Source Files\VideoEngineController</Filter>
    </ClInclude>
    <ClInclude Include="..\..\VideoEngineController\codec_ver.h">
      <Filter>Source Files\VideoEngineController</Filter>
    </ClInclude>
    <ClInclude Include="..\..\VideoEngineController\CommonElementsBucket.h">
      <Filter>Source Files\VideoEngineController</Filter>
    </ClInclude>
    <ClInclude Include="..\..\VideoEngineController\Controller.h">
      <Filter>Source Files\VideoEngineController</Filter>
    </ClInclude>
    <ClInclude Include="..\..\VideoEngineController\DecodingBuffer.h">
      <Filter>Source Files\VideoEngineController</Filter>
    </ClInclude>
    <ClInclude Include="..\..\VideoEngineController\EncodedFrameDepacketizer.h">
      <Filter>Source Files\VideoEngineController</Filter>
    </ClInclude>
    <ClInclude Include="..\..\VideoEngineController\EncodedFramePacketizer.h">
      <Filter>Source Files\VideoEngineController</Filter>
    </ClInclude>
    <ClInclude Include="..\..\VideoEngineController\EncodingBuffer.h">
      <Filter>Source Files\VideoEngineController</Filter>
    </ClInclude>
    <ClInclude Include="..\..\VideoEngineController\EventNotifier.h">
      <Filter>Source Files\VideoEngineController</Filter>
    </ClInclude>
    <ClInclude Include="..\..\VideoEngineController\FPSController.h">
      <Filter>Source Files\VideoEngineController</Filter>
    </ClInclude>
    <ClInclude Include="..\..\VideoEngineController\G729CodecNative.h">
      <Filter>Source Files\VideoEngineController</Filter>
    </ClInclude>
    <ClInclude Include="..\..\VideoEngineController\Globals.h">
      <Filter>Source Files\VideoEngineController</Filter>
    </ClInclude>
    <ClInclude Include="..\..\VideoEngineController\InterfaceOfAudioVideoEngine.h">
      <Filter>Source Files\VideoEngineController</Filter>
    </ClInclude>
    <ClInclude Include="..\..\VideoEngineController\LogPrinter.h">
      <Filter>Source Files\VideoEngineController</Filter>
    </ClInclude>
    <ClInclude Include="..\..\VideoEngineController\macros.h">
      <Filter>Source Files\VideoEngineController</Filter>
    </ClInclude>
    <ClInclude Include="..\..\VideoEngineController\PairMap.h">
      <Filter>Source Files\VideoEngineController</Filter>
    </ClInclude>
    <ClInclude Include="..\..\VideoEngineController\ResendingBuffer.h">
      <Filter>Source Files\VideoEngineController</Filter>
    </ClInclude>
    <ClInclude Include="..\..\VideoEngineController\RetransmitVideoPacketQueue.h">
      <Filter>Source Files\VideoEngineController</Filter>
    </ClInclude>
    <ClInclude Include="..\..\VideoEngineController\SendingBuffer.h">
      <Filter>Source Files\VideoEngineController</Filter>
    </ClInclude>
    <ClInclude Include="..\..\VideoEngineController\Size.h">
      <Filter>Source Files\VideoEngineController</Filter>
    </ClInclude>
    <ClInclude Include="..\..\VideoEngineController\ThreadTools.h">
      <Filter>Source Files\VideoEngineController</Filter>
    </ClInclude>
    <ClInclude Include="..\..\VideoEngineController\Tools.h">
      <Filter>Source Files\VideoEngineController</Filter>
    </ClInclude>
    <ClInclude Include="..\..\VideoEngineController\typedef.h">
      <Filter>Source Files\VideoEngineController</Filter>
    </ClInclude>
    <ClInclude Include="..\..\VideoEngineController\typedefs.h">
      <Filter>Source Files\VideoEngineController</Filter>
    </ClInclude>
    <ClInclude Include="..\..\VideoEngineController\VideoCallSession.h">
      <Filter>Source Files\VideoEngineController</Filter>
    </ClInclude>
    <ClInclude Include="..\..\VideoEngineController\VideoCallSessionListHandler.h">
      <Filter>Source Files\VideoEngineController</Filter>
    </ClInclude>
    <ClInclude Include="..\..\VideoEngineController\VideoDecoder.h">
      <Filter>Source Files\VideoEngineController</Filter>
    </ClInclude>
    <ClInclude Include="..\..\VideoEngineController\VideoEncoder.h">
      <Filter>Source Files\VideoEngineController</Filter>
    </ClInclude>
    <ClInclude Include="..\..\VideoEngineController\VideoEncoderListHandler.h">
      <Filter>Source Files\VideoEngineController</Filter>
    </ClInclude>
    <ClInclude Include="..\..\VideoEngineController\VideoPacketBuffer.h">
      <Filter>Source Files\VideoEngineController</Filter>
    </ClInclude>
    <ClInclude Include="..\..\VideoEngineController\VideoPacketQueue.h">
      <Filter>Source Files\VideoEngineController</Filter>
    </ClInclude>
    <ClInclude Include="..\..\VideoEngineUtilities\ColorConverter.h">
      <Filter>Source Files\VideoEngineUtilities</Filter>
    </ClInclude>
    <ClInclude Include="..\..\VideoEngineUtilities\DefinedDataTypes.h">
      <Filter>Source Files\VideoEngineUtilities</Filter>
    </ClInclude>
    <ClInclude Include="..\..\VideoEngineUtilities\LockHandler.h">
      <Filter>Source Files\VideoEngineUtilities</Filter>
    </ClInclude>
    <ClInclude Include="..\..\VideoEngineUtilities\SmartPointer.h">
      <Filter>Source Files\VideoEngineUtilities</Filter>
    </ClInclude>
    <ClInclude Include="..\..\VideoEngineController\RenderingBuffer.h">
      <Filter>Source Files\VideoEngineController</Filter>
    </ClInclude>
    <ClInclude Include="..\..\VideoEngineController\PacketHeader.h">
      <Filter>Source Files\VideoEngineController</Filter>
    </ClInclude>
    <ClInclude Include="..\..\VideoEngineController\BandwidthController.h">
      <Filter>Source Files\VideoEngineController</Filter>
    </ClInclude>
    <ClInclude Include="..\..\VideoEngineController\BitRateController.h">
      <Filter>Source Files\VideoEngineController</Filter>
    </ClInclude>
    <ClInclude Include="..\..\VideoEngineController\SynchronizedMap.h">
      <Filter>Source Files\VideoEngineController</Filter>
    </ClInclude>
    <ClInclude Include="..\..\VideoEngineController\VideoEncodingThread.h">
      <Filter>Source Files\VideoEngineController</Filter>
    </ClInclude>
    <ClInclude Include="..\..\VideoEngineController\DepacketizationThread.h">
      <Filter>Source Files\VideoEngineController</Filter>
    </ClInclude>
    <ClInclude Include="..\..\VideoEngineController\RenderingThread.h">
      <Filter>Source Files\VideoEngineController</Filter>
    </ClInclude>
    <ClInclude Include="..\..\VideoEngineController\SendingThread.h">
      <Filter>Source Files\VideoEngineController</Filter>
    </ClInclude>
    <ClInclude Include="..\..\VideoEngineController\VideoDecodingThread.h">
      <Filter>Source Files\VideoEngineController</Filter>
    </ClInclude>
  </ItemGroup>
  <ItemGroup>
    <None Include="..\..\VideoEngineController\VideoEngineController.vcxproj.filters">
      <Filter>Source Files\VideoEngineController</Filter>
    </None>
  </ItemGroup>
</Project>